// !$*UTF8*$!
{
	archiveVersion = 1;
	classes = {
	};
	objectVersion = 50;
	objects = {

/* Begin PBXBuildFile section */
		4CC771792485E40300396AFE /* AppDelegate.swift in Sources */ = {isa = PBXBuildFile; fileRef = 4CC771782485E40300396AFE /* AppDelegate.swift */; };
		4CC7717B2485E40300396AFE /* SceneDelegate.swift in Sources */ = {isa = PBXBuildFile; fileRef = 4CC7717A2485E40300396AFE /* SceneDelegate.swift */; };
		4CC7717D2485E40300396AFE /* ViewController.swift in Sources */ = {isa = PBXBuildFile; fileRef = 4CC7717C2485E40300396AFE /* ViewController.swift */; };
		4CC771802485E40300396AFE /* Main.storyboard in Resources */ = {isa = PBXBuildFile; fileRef = 4CC7717E2485E40300396AFE /* Main.storyboard */; };
		4CC771822485E40800396AFE /* Assets.xcassets in Resources */ = {isa = PBXBuildFile; fileRef = 4CC771812485E40800396AFE /* Assets.xcassets */; };
		4CC771852485E40800396AFE /* LaunchScreen.storyboard in Resources */ = {isa = PBXBuildFile; fileRef = 4CC771832485E40800396AFE /* LaunchScreen.storyboard */; };
		4CC771902485E40800396AFE /* TipAppTests.swift in Sources */ = {isa = PBXBuildFile; fileRef = 4CC7718F2485E40800396AFE /* TipAppTests.swift */; };
		4CC7719B2485E40900396AFE /* TipAppUITests.swift in Sources */ = {isa = PBXBuildFile; fileRef = 4CC7719A2485E40900396AFE /* TipAppUITests.swift */; };
/* End PBXBuildFile section */

/* Begin PBXContainerItemProxy section */
		4CC7718C2485E40800396AFE /* PBXContainerItemProxy */ = {
			isa = PBXContainerItemProxy;
			containerPortal = 4CC7716D2485E40300396AFE /* Project object */;
			proxyType = 1;
			remoteGlobalIDString = 4CC771742485E40300396AFE;
			remoteInfo = TipApp;
		};
		4CC771972485E40900396AFE /* PBXContainerItemProxy */ = {
			isa = PBXContainerItemProxy;
			containerPortal = 4CC7716D2485E40300396AFE /* Project object */;
			proxyType = 1;
			remoteGlobalIDString = 4CC771742485E40300396AFE;
			remoteInfo = TipApp;
		};
/* End PBXContainerItemProxy section */

/* Begin PBXFileReference section */
		4CC771752485E40300396AFE /* TipApp.app */ = {isa = PBXFileReference; explicitFileType = wrapper.application; includeInIndex = 0; path = TipApp.app; sourceTree = BUILT_PRODUCTS_DIR; };
		4CC771782485E40300396AFE /* AppDelegate.swift */ = {isa = PBXFileReference; lastKnownFileType = sourcecode.swift; path = AppDelegate.swift; sourceTree = "<group>"; };
		4CC7717A2485E40300396AFE /* SceneDelegate.swift */ = {isa = PBXFileReference; lastKnownFileType = sourcecode.swift; path = SceneDelegate.swift; sourceTree = "<group>"; };
		4CC7717C2485E40300396AFE /* ViewController.swift */ = {isa = PBXFileReference; lastKnownFileType = sourcecode.swift; path = ViewController.swift; sourceTree = "<group>"; };
		4CC7717F2485E40300396AFE /* Base */ = {isa = PBXFileReference; lastKnownFileType = file.storyboard; name = Base; path = Base.lproj/Main.storyboard; sourceTree = "<group>"; };
		4CC771812485E40800396AFE /* Assets.xcassets */ = {isa = PBXFileReference; lastKnownFileType = folder.assetcatalog; path = Assets.xcassets; sourceTree = "<group>"; };
		4CC771842485E40800396AFE /* Base */ = {isa = PBXFileReference; lastKnownFileType = file.storyboard; name = Base; path = Base.lproj/LaunchScreen.storyboard; sourceTree = "<group>"; };
		4CC771862485E40800396AFE /* Info.plist */ = {isa = PBXFileReference; lastKnownFileType = text.plist.xml; path = Info.plist; sourceTree = "<group>"; };
		4CC7718B2485E40800396AFE /* TipAppTests.xctest */ = {isa = PBXFileReference; explicitFileType = wrapper.cfbundle; includeInIndex = 0; path = TipAppTests.xctest; sourceTree = BUILT_PRODUCTS_DIR; };
		4CC7718F2485E40800396AFE /* TipAppTests.swift */ = {isa = PBXFileReference; lastKnownFileType = sourcecode.swift; path = TipAppTests.swift; sourceTree = "<group>"; };
		4CC771912485E40800396AFE /* Info.plist */ = {isa = PBXFileReference; lastKnownFileType = text.plist.xml; path = Info.plist; sourceTree = "<group>"; };
		4CC771962485E40900396AFE /* TipAppUITests.xctest */ = {isa = PBXFileReference; explicitFileType = wrapper.cfbundle; includeInIndex = 0; path = TipAppUITests.xctest; sourceTree = BUILT_PRODUCTS_DIR; };
		4CC7719A2485E40900396AFE /* TipAppUITests.swift */ = {isa = PBXFileReference; lastKnownFileType = sourcecode.swift; path = TipAppUITests.swift; sourceTree = "<group>"; };
		4CC7719C2485E40900396AFE /* Info.plist */ = {isa = PBXFileReference; lastKnownFileType = text.plist.xml; path = Info.plist; sourceTree = "<group>"; };
/* End PBXFileReference section */

/* Begin PBXFrameworksBuildPhase section */
		4CC771722485E40300396AFE /* Frameworks */ = {
			isa = PBXFrameworksBuildPhase;
			buildActionMask = 2147483647;
			files = (
			);
			runOnlyForDeploymentPostprocessing = 0;
		};
		4CC771882485E40800396AFE /* Frameworks */ = {
			isa = PBXFrameworksBuildPhase;
			buildActionMask = 2147483647;
			files = (
			);
			runOnlyForDeploymentPostprocessing = 0;
		};
		4CC771932485E40900396AFE /* Frameworks */ = {
			isa = PBXFrameworksBuildPhase;
			buildActionMask = 2147483647;
			files = (
			);
			runOnlyForDeploymentPostprocessing = 0;
		};
/* End PBXFrameworksBuildPhase section */

/* Begin PBXGroup section */
		4CC7716C2485E40300396AFE = {
			isa = PBXGroup;
			children = (
				4CC771772485E40300396AFE /* TipApp */,
				4CC7718E2485E40800396AFE /* TipAppTests */,
				4CC771992485E40900396AFE /* TipAppUITests */,
				4CC771762485E40300396AFE /* Products */,
			);
			sourceTree = "<group>";
		};
		4CC771762485E40300396AFE /* Products */ = {
			isa = PBXGroup;
			children = (
				4CC771752485E40300396AFE /* TipApp.app */,
				4CC7718B2485E40800396AFE /* TipAppTests.xctest */,
				4CC771962485E40900396AFE /* TipAppUITests.xctest */,
			);
			name = Products;
			sourceTree = "<group>";
		};
		4CC771772485E40300396AFE /* TipApp */ = {
			isa = PBXGroup;
			children = (
				4CC771782485E40300396AFE /* AppDelegate.swift */,
				4CC7717A2485E40300396AFE /* SceneDelegate.swift */,
				4CC7717C2485E40300396AFE /* ViewController.swift */,
				4CC7717E2485E40300396AFE /* Main.storyboard */,
				4CC771812485E40800396AFE /* Assets.xcassets */,
				4CC771832485E40800396AFE /* LaunchScreen.storyboard */,
				4CC771862485E40800396AFE /* Info.plist */,
			);
			path = TipApp;
			sourceTree = "<group>";
		};
		4CC7718E2485E40800396AFE /* TipAppTests */ = {
			isa = PBXGroup;
			children = (
				4CC7718F2485E40800396AFE /* TipAppTests.swift */,
				4CC771912485E40800396AFE /* Info.plist */,
			);
			path = TipAppTests;
			sourceTree = "<group>";
		};
		4CC771992485E40900396AFE /* TipAppUITests */ = {
			isa = PBXGroup;
			children = (
				4CC7719A2485E40900396AFE /* TipAppUITests.swift */,
				4CC7719C2485E40900396AFE /* Info.plist */,
			);
			path = TipAppUITests;
			sourceTree = "<group>";
		};
/* End PBXGroup section */

/* Begin PBXNativeTarget section */
		4CC771742485E40300396AFE /* TipApp */ = {
			isa = PBXNativeTarget;
			buildConfigurationList = 4CC7719F2485E40900396AFE /* Build configuration list for PBXNativeTarget "TipApp" */;
			buildPhases = (
				4CC771712485E40300396AFE /* Sources */,
				4CC771722485E40300396AFE /* Frameworks */,
				4CC771732485E40300396AFE /* Resources */,
			);
			buildRules = (
			);
			dependencies = (
			);
			name = TipApp;
			productName = TipApp;
			productReference = 4CC771752485E40300396AFE /* TipApp.app */;
			productType = "com.apple.product-type.application";
		};
		4CC7718A2485E40800396AFE /* TipAppTests */ = {
			isa = PBXNativeTarget;
			buildConfigurationList = 4CC771A22485E40900396AFE /* Build configuration list for PBXNativeTarget "TipAppTests" */;
			buildPhases = (
				4CC771872485E40800396AFE /* Sources */,
				4CC771882485E40800396AFE /* Frameworks */,
				4CC771892485E40800396AFE /* Resources */,
			);
			buildRules = (
			);
			dependencies = (
				4CC7718D2485E40800396AFE /* PBXTargetDependency */,
			);
			name = TipAppTests;
			productName = TipAppTests;
			productReference = 4CC7718B2485E40800396AFE /* TipAppTests.xctest */;
			productType = "com.apple.product-type.bundle.unit-test";
		};
		4CC771952485E40900396AFE /* TipAppUITests */ = {
			isa = PBXNativeTarget;
			buildConfigurationList = 4CC771A52485E40900396AFE /* Build configuration list for PBXNativeTarget "TipAppUITests" */;
			buildPhases = (
				4CC771922485E40900396AFE /* Sources */,
				4CC771932485E40900396AFE /* Frameworks */,
				4CC771942485E40900396AFE /* Resources */,
			);
			buildRules = (
			);
			dependencies = (
				4CC771982485E40900396AFE /* PBXTargetDependency */,
			);
			name = TipAppUITests;
			productName = TipAppUITests;
			productReference = 4CC771962485E40900396AFE /* TipAppUITests.xctest */;
			productType = "com.apple.product-type.bundle.ui-testing";
		};
/* End PBXNativeTarget section */

/* Begin PBXProject section */
		4CC7716D2485E40300396AFE /* Project object */ = {
			isa = PBXProject;
			attributes = {
				LastSwiftUpdateCheck = 1150;
				LastUpgradeCheck = 1150;
				ORGANIZATIONNAME = "Michael Romero";
				TargetAttributes = {
					4CC771742485E40300396AFE = {
						CreatedOnToolsVersion = 11.5;
					};
					4CC7718A2485E40800396AFE = {
						CreatedOnToolsVersion = 11.5;
						TestTargetID = 4CC771742485E40300396AFE;
					};
					4CC771952485E40900396AFE = {
						CreatedOnToolsVersion = 11.5;
						TestTargetID = 4CC771742485E40300396AFE;
					};
				};
			};
			buildConfigurationList = 4CC771702485E40300396AFE /* Build configuration list for PBXProject "TipApp" */;
			compatibilityVersion = "Xcode 9.3";
			developmentRegion = en;
			hasScannedForEncodings = 0;
			knownRegions = (
				en,
				Base,
			);
			mainGroup = 4CC7716C2485E40300396AFE;
			productRefGroup = 4CC771762485E40300396AFE /* Products */;
			projectDirPath = "";
			projectRoot = "";
			targets = (
				4CC771742485E40300396AFE /* TipApp */,
				4CC7718A2485E40800396AFE /* TipAppTests */,
				4CC771952485E40900396AFE /* TipAppUITests */,
			);
		};
/* End PBXProject section */

/* Begin PBXResourcesBuildPhase section */
		4CC771732485E40300396AFE /* Resources */ = {
			isa = PBXResourcesBuildPhase;
			buildActionMask = 2147483647;
			files = (
				4CC771852485E40800396AFE /* LaunchScreen.storyboard in Resources */,
				4CC771822485E40800396AFE /* Assets.xcassets in Resources */,
				4CC771802485E40300396AFE /* Main.storyboard in Resources */,
			);
			runOnlyForDeploymentPostprocessing = 0;
		};
		4CC771892485E40800396AFE /* Resources */ = {
			isa = PBXResourcesBuildPhase;
			buildActionMask = 2147483647;
			files = (
			);
			runOnlyForDeploymentPostprocessing = 0;
		};
		4CC771942485E40900396AFE /* Resources */ = {
			isa = PBXResourcesBuildPhase;
			buildActionMask = 2147483647;
			files = (
			);
			runOnlyForDeploymentPostprocessing = 0;
		};
/* End PBXResourcesBuildPhase section */

/* Begin PBXSourcesBuildPhase section */
		4CC771712485E40300396AFE /* Sources */ = {
			isa = PBXSourcesBuildPhase;
			buildActionMask = 2147483647;
			files = (
				4CC7717D2485E40300396AFE /* ViewController.swift in Sources */,
				4CC771792485E40300396AFE /* AppDelegate.swift in Sources */,
				4CC7717B2485E40300396AFE /* SceneDelegate.swift in Sources */,
			);
			runOnlyForDeploymentPostprocessing = 0;
		};
		4CC771872485E40800396AFE /* Sources */ = {
			isa = PBXSourcesBuildPhase;
			buildActionMask = 2147483647;
			files = (
				4CC771902485E40800396AFE /* TipAppTests.swift in Sources */,
			);
			runOnlyForDeploymentPostprocessing = 0;
		};
		4CC771922485E40900396AFE /* Sources */ = {
			isa = PBXSourcesBuildPhase;
			buildActionMask = 2147483647;
			files = (
				4CC7719B2485E40900396AFE /* TipAppUITests.swift in Sources */,
			);
			runOnlyForDeploymentPostprocessing = 0;
		};
/* End PBXSourcesBuildPhase section */

/* Begin PBXTargetDependency section */
		4CC7718D2485E40800396AFE /* PBXTargetDependency */ = {
			isa = PBXTargetDependency;
			target = 4CC771742485E40300396AFE /* TipApp */;
			targetProxy = 4CC7718C2485E40800396AFE /* PBXContainerItemProxy */;
		};
		4CC771982485E40900396AFE /* PBXTargetDependency */ = {
			isa = PBXTargetDependency;
			target = 4CC771742485E40300396AFE /* TipApp */;
			targetProxy = 4CC771972485E40900396AFE /* PBXContainerItemProxy */;
		};
/* End PBXTargetDependency section */

/* Begin PBXVariantGroup section */
		4CC7717E2485E40300396AFE /* Main.storyboard */ = {
			isa = PBXVariantGroup;
			children = (
				4CC7717F2485E40300396AFE /* Base */,
			);
			name = Main.storyboard;
			sourceTree = "<group>";
		};
		4CC771832485E40800396AFE /* LaunchScreen.storyboard */ = {
			isa = PBXVariantGroup;
			children = (
				4CC771842485E40800396AFE /* Base */,
			);
			name = LaunchScreen.storyboard;
			sourceTree = "<group>";
		};
/* End PBXVariantGroup section */

/* Begin XCBuildConfiguration section */
		4CC7719D2485E40900396AFE /* Debug */ = {
			isa = XCBuildConfiguration;
			buildSettings = {
				ALWAYS_SEARCH_USER_PATHS = NO;
				CLANG_ANALYZER_NONNULL = YES;
				CLANG_ANALYZER_NUMBER_OBJECT_CONVERSION = YES_AGGRESSIVE;
				CLANG_CXX_LANGUAGE_STANDARD = "gnu++14";
				CLANG_CXX_LIBRARY = "libc++";
				CLANG_ENABLE_MODULES = YES;
				CLANG_ENABLE_OBJC_ARC = YES;
				CLANG_ENABLE_OBJC_WEAK = YES;
				CLANG_WARN_BLOCK_CAPTURE_AUTORELEASING = YES;
				CLANG_WARN_BOOL_CONVERSION = YES;
				CLANG_WARN_COMMA = YES;
				CLANG_WARN_CONSTANT_CONVERSION = YES;
				CLANG_WARN_DEPRECATED_OBJC_IMPLEMENTATIONS = YES;
				CLANG_WARN_DIRECT_OBJC_ISA_USAGE = YES_ERROR;
				CLANG_WARN_DOCUMENTATION_COMMENTS = YES;
				CLANG_WARN_EMPTY_BODY = YES;
				CLANG_WARN_ENUM_CONVERSION = YES;
				CLANG_WARN_INFINITE_RECURSION = YES;
				CLANG_WARN_INT_CONVERSION = YES;
				CLANG_WARN_NON_LITERAL_NULL_CONVERSION = YES;
				CLANG_WARN_OBJC_IMPLICIT_RETAIN_SELF = YES;
				CLANG_WARN_OBJC_LITERAL_CONVERSION = YES;
				CLANG_WARN_OBJC_ROOT_CLASS = YES_ERROR;
				CLANG_WARN_RANGE_LOOP_ANALYSIS = YES;
				CLANG_WARN_STRICT_PROTOTYPES = YES;
				CLANG_WARN_SUSPICIOUS_MOVE = YES;
				CLANG_WARN_UNGUARDED_AVAILABILITY = YES_AGGRESSIVE;
				CLANG_WARN_UNREACHABLE_CODE = YES;
				CLANG_WARN__DUPLICATE_METHOD_MATCH = YES;
				COPY_PHASE_STRIP = NO;
				DEBUG_INFORMATION_FORMAT = dwarf;
				ENABLE_STRICT_OBJC_MSGSEND = YES;
				ENABLE_TESTABILITY = YES;
				GCC_C_LANGUAGE_STANDARD = gnu11;
				GCC_DYNAMIC_NO_PIC = NO;
				GCC_NO_COMMON_BLOCKS = YES;
				GCC_OPTIMIZATION_LEVEL = 0;
				GCC_PREPROCESSOR_DEFINITIONS = (
					"DEBUG=1",
					"$(inherited)",
				);
				GCC_WARN_64_TO_32_BIT_CONVERSION = YES;
				GCC_WARN_ABOUT_RETURN_TYPE = YES_ERROR;
				GCC_WARN_UNDECLARED_SELECTOR = YES;
				GCC_WARN_UNINITIALIZED_AUTOS = YES_AGGRESSIVE;
				GCC_WARN_UNUSED_FUNCTION = YES;
				GCC_WARN_UNUSED_VARIABLE = YES;
				IPHONEOS_DEPLOYMENT_TARGET = 13.5;
				MTL_ENABLE_DEBUG_INFO = INCLUDE_SOURCE;
				MTL_FAST_MATH = YES;
				ONLY_ACTIVE_ARCH = YES;
				SDKROOT = iphoneos;
				SWIFT_ACTIVE_COMPILATION_CONDITIONS = DEBUG;
				SWIFT_OPTIMIZATION_LEVEL = "-Onone";
			};
			name = Debug;
		};
		4CC7719E2485E40900396AFE /* Release */ = {
			isa = XCBuildConfiguration;
			buildSettings = {
				ALWAYS_SEARCH_USER_PATHS = NO;
				CLANG_ANALYZER_NONNULL = YES;
				CLANG_ANALYZER_NUMBER_OBJECT_CONVERSION = YES_AGGRESSIVE;
				CLANG_CXX_LANGUAGE_STANDARD = "gnu++14";
				CLANG_CXX_LIBRARY = "libc++";
				CLANG_ENABLE_MODULES = YES;
				CLANG_ENABLE_OBJC_ARC = YES;
				CLANG_ENABLE_OBJC_WEAK = YES;
				CLANG_WARN_BLOCK_CAPTURE_AUTORELEASING = YES;
				CLANG_WARN_BOOL_CONVERSION = YES;
				CLANG_WARN_COMMA = YES;
				CLANG_WARN_CONSTANT_CONVERSION = YES;
				CLANG_WARN_DEPRECATED_OBJC_IMPLEMENTATIONS = YES;
				CLANG_WARN_DIRECT_OBJC_ISA_USAGE = YES_ERROR;
				CLANG_WARN_DOCUMENTATION_COMMENTS = YES;
				CLANG_WARN_EMPTY_BODY = YES;
				CLANG_WARN_ENUM_CONVERSION = YES;
				CLANG_WARN_INFINITE_RECURSION = YES;
				CLANG_WARN_INT_CONVERSION = YES;
				CLANG_WARN_NON_LITERAL_NULL_CONVERSION = YES;
				CLANG_WARN_OBJC_IMPLICIT_RETAIN_SELF = YES;
				CLANG_WARN_OBJC_LITERAL_CONVERSION = YES;
				CLANG_WARN_OBJC_ROOT_CLASS = YES_ERROR;
				CLANG_WARN_RANGE_LOOP_ANALYSIS = YES;
				CLANG_WARN_STRICT_PROTOTYPES = YES;
				CLANG_WARN_SUSPICIOUS_MOVE = YES;
				CLANG_WARN_UNGUARDED_AVAILABILITY = YES_AGGRESSIVE;
				CLANG_WARN_UNREACHABLE_CODE = YES;
				CLANG_WARN__DUPLICATE_METHOD_MATCH = YES;
				COPY_PHASE_STRIP = NO;
				DEBUG_INFORMATION_FORMAT = "dwarf-with-dsym";
				ENABLE_NS_ASSERTIONS = NO;
				ENABLE_STRICT_OBJC_MSGSEND = YES;
				GCC_C_LANGUAGE_STANDARD = gnu11;
				GCC_NO_COMMON_BLOCKS = YES;
				GCC_WARN_64_TO_32_BIT_CONVERSION = YES;
				GCC_WARN_ABOUT_RETURN_TYPE = YES_ERROR;
				GCC_WARN_UNDECLARED_SELECTOR = YES;
				GCC_WARN_UNINITIALIZED_AUTOS = YES_AGGRESSIVE;
				GCC_WARN_UNUSED_FUNCTION = YES;
				GCC_WARN_UNUSED_VARIABLE = YES;
				IPHONEOS_DEPLOYMENT_TARGET = 13.5;
				MTL_ENABLE_DEBUG_INFO = NO;
				MTL_FAST_MATH = YES;
				SDKROOT = iphoneos;
				SWIFT_COMPILATION_MODE = wholemodule;
				SWIFT_OPTIMIZATION_LEVEL = "-O";
				VALIDATE_PRODUCT = YES;
			};
			name = Release;
		};
		4CC771A02485E40900396AFE /* Debug */ = {
			isa = XCBuildConfiguration;
			buildSettings = {
				ASSETCATALOG_COMPILER_APPICON_NAME = AppIcon;
				CODE_SIGN_STYLE = Automatic;
				INFOPLIST_FILE = TipApp/Info.plist;
				LD_RUNPATH_SEARCH_PATHS = (
					"$(inherited)",
					"@executable_path/Frameworks",
				);
				PRODUCT_BUNDLE_IDENTIFIER = com.MichaelRomeroI.TipApp;
				PRODUCT_NAME = "$(TARGET_NAME)";
				SWIFT_VERSION = 5.0;
				TARGETED_DEVICE_FAMILY = "1,2";
			};
			name = Debug;
		};
		4CC771A12485E40900396AFE /* Release */ = {
			isa = XCBuildConfiguration;
			buildSettings = {
				ASSETCATALOG_COMPILER_APPICON_NAME = AppIcon;
				CODE_SIGN_STYLE = Automatic;
				INFOPLIST_FILE = TipApp/Info.plist;
				LD_RUNPATH_SEARCH_PATHS = (
					"$(inherited)",
					"@executable_path/Frameworks",
				);
				PRODUCT_BUNDLE_IDENTIFIER = com.MichaelRomeroI.TipApp;
				PRODUCT_NAME = "$(TARGET_NAME)";
				SWIFT_VERSION = 5.0;
				TARGETED_DEVICE_FAMILY = "1,2";
			};
			name = Release;
		};
		4CC771A32485E40900396AFE /* Debug */ = {
			isa = XCBuildConfiguration;
			buildSettings = {
				ALWAYS_EMBED_SWIFT_STANDARD_LIBRARIES = YES;
				BUNDLE_LOADER = "$(TEST_HOST)";
				CODE_SIGN_STYLE = Automatic;
				INFOPLIST_FILE = TipAppTests/Info.plist;
				IPHONEOS_DEPLOYMENT_TARGET = 13.5;
				LD_RUNPATH_SEARCH_PATHS = (
					"$(inherited)",
					"@executable_path/Frameworks",
					"@loader_path/Frameworks",
				);
				PRODUCT_BUNDLE_IDENTIFIER = com.MichaelRomeroI.TipAppTests;
				PRODUCT_NAME = "$(TARGET_NAME)";
				SWIFT_VERSION = 5.0;
				TARGETED_DEVICE_FAMILY = "1,2";
				TEST_HOST = "$(BUILT_PRODUCTS_DIR)/TipApp.app/TipApp";
			};
			name = Debug;
		};
		4CC771A42485E40900396AFE /* Release */ = {
			isa = XCBuildConfiguration;
			buildSettings = {
				ALWAYS_EMBED_SWIFT_STANDARD_LIBRARIES = YES;
				BUNDLE_LOADER = "$(TEST_HOST)";
				CODE_SIGN_STYLE = Automatic;
				INFOPLIST_FILE = TipAppTests/Info.plist;
				IPHONEOS_DEPLOYMENT_TARGET = 13.5;
				LD_RUNPATH_SEARCH_PATHS = (
					"$(inherited)",
					"@executable_path/Frameworks",
					"@loader_path/Frameworks",
				);
				PRODUCT_BUNDLE_IDENTIFIER = com.MichaelRomeroI.TipAppTests;
				PRODUCT_NAME = "$(TARGET_NAME)";
				SWIFT_VERSION = 5.0;
				TARGETED_DEVICE_FAMILY = "1,2";
				TEST_HOST = "$(BUILT_PRODUCTS_DIR)/TipApp.app/TipApp";
			};
			name = Release;
		};
		4CC771A62485E40900396AFE /* Debug */ = {
			isa = XCBuildConfiguration;
			buildSettings = {
				ALWAYS_EMBED_SWIFT_STANDARD_LIBRARIES = YES;
				CODE_SIGN_STYLE = Automatic;
				INFOPLIST_FILE = TipAppUITests/Info.plist;
				LD_RUNPATH_SEARCH_PATHS = (
					"$(inherited)",
					"@executable_path/Frameworks",
					"@loader_path/Frameworks",
				);
				PRODUCT_BUNDLE_IDENTIFIER = com.MichaelRomeroI.TipAppUITests;
				PRODUCT_NAME = "$(TARGET_NAME)";
				SWIFT_VERSION = 5.0;
				TARGETED_DEVICE_FAMILY = "1,2";
				TEST_TARGET_NAME = TipApp;
			};
			name = Debug;
		};
		4CC771A72485E40900396AFE /* Release */ = {
			isa = XCBuildConfiguration;
			buildSettings = {
				ALWAYS_EMBED_SWIFT_STANDARD_LIBRARIES = YES;
				CODE_SIGN_STYLE = Automatic;
				INFOPLIST_FILE = TipAppUITests/Info.plist;
				LD_RUNPATH_SEARCH_PATHS = (
					"$(inherited)",
					"@executable_path/Frameworks",
					"@loader_path/Frameworks",
				);
				PRODUCT_BUNDLE_IDENTIFIER = com.MichaelRomeroI.TipAppUITests;
				PRODUCT_NAME = "$(TARGET_NAME)";
				SWIFT_VERSION = 5.0;
				TARGETED_DEVICE_FAMILY = "1,2";
				TEST_TARGET_NAME = TipApp;
			};
			name = Release;
		};
/* End XCBuildConfiguration section */

/* Begin XCConfigurationList section */
		4CC771702485E40300396AFE /* Build configuration list for PBXProject "TipApp" */ = {
			isa = XCConfigurationList;
			buildConfigurations = (
				4CC7719D2485E40900396AFE /* Debug */,
				4CC7719E2485E40900396AFE /* Release */,
			);
			defaultConfigurationIsVisible = 0;
			defaultConfigurationName = Release;
		};
		4CC7719F2485E40900396AFE /* Build configuration list for PBXNativeTarget "TipApp" */ = {
			isa = XCConfigurationList;
			buildConfigurations = (
				4CC771A02485E40900396AFE /* Debug */,
				4CC771A12485E40900396AFE /* Release */,
			);
			defaultConfigurationIsVisible = 0;
			defaultConfigurationName = Release;
		};
		4CC771A22485E40900396AFE /* Build configuration list for PBXNativeTarget "TipAppTests" */ = {
			isa = XCConfigurationList;
			buildConfigurations = (
				4CC771A32485E40900396AFE /* Debug */,
				4CC771A42485E40900396AFE /* Release */,
			);
			defaultConfigurationIsVisible = 0;
			defaultConfigurationName = Release;
		};
		4CC771A52485E40900396AFE /* Build configuration list for PBXNativeTarget "TipAppUITests" */ = {
			isa = XCConfigurationList;
			buildConfigurations = (
				4CC771A62485E40900396AFE /* Debug */,
				4CC771A72485E40900396AFE /* Release */,
			);
			defaultConfigurationIsVisible = 0;
			defaultConfigurationName = Release;
		};
/* End XCConfigurationList section */
	};
	rootObject = 4CC7716D2485E40300396AFE /* Project object */;
}
